
Microsoft Visual Studio Solution File, Format Version 12.00
# Visual Studio Version 17
VisualStudioVersion = 17.12.35514.174 d17.12
MinimumVisualStudioVersion = 10.0.40219.1
Project("{FAE04EC0-301F-11D3-BF4B-00C04F79EFBC}") = "Практика А  числа Фибоначчи", "Практика А  числа Фибоначчи.csproj", "{31F63820-E300-4F46-9DB2-58D4A6F36A4F}"
EndProject
Global
	GlobalSection(SolutionConfigurationPlatforms) = preSolution
		Debug|Any CPU = Debug|Any CPU
		Release|Any CPU = Release|Any CPU
	EndGlobalSection
	GlobalSection(ProjectConfigurationPlatforms) = postSolution
		{31F63820-E300-4F46-9DB2-58D4A6F36A4F}.Debug|Any CPU.ActiveCfg = Debug|Any CPU
		{31F63820-E300-4F46-9DB2-58D4A6F36A4F}.Debug|Any CPU.Build.0 = Debug|Any CPU
		{31F63820-E300-4F46-9DB2-58D4A6F36A4F}.Release|Any CPU.ActiveCfg = Release|Any CPU
		{31F63820-E300-4F46-9DB2-58D4A6F36A4F}.Release|Any CPU.Build.0 = Release|Any CPU
	EndGlobalSection
	GlobalSection(SolutionProperties) = preSolution
		HideSolutionNode = FALSE
	EndGlobalSection
EndGlobal
